# @generated by Move, please check-in and do not edit manually.

[move]
version = 3
manifest_digest = "BAB59ABDB35C7012A8FE70BF9A9205F059F3BAEE73C3E96EC1E5E50DD54CFC50"
deps_digest = "F8BBB0CCB2491CA29A3DF03D6F92277A4F3574266507ACD77214D37ECA3F3082"
dependencies = [
  { id = "Sui", name = "Sui" },
]

[[move.package]]
id = "MoveStdlib"
source = { git = "https://github.com/MystenLabs/sui.git", rev = "framework/testnet", subdir = "crates/sui-framework/packages/move-stdlib" }

[[move.package]]
id = "Sui"
source = { git = "https://github.com/MystenLabs/sui.git", rev = "framework/testnet", subdir = "crates/sui-framework/packages/sui-framework" }

dependencies = [
  { id = "MoveStdlib", name = "MoveStdlib" },
]

[move.toolchain-version]
compiler-version = "1.57.0"
edition = "2024.beta"
flavor = "sui"

[env]

[env.testnet]
chain-id = "4c78adac"
original-published-id = "0x2f650fe35db10de8cea3097e256032c0084a3910115ebf4980da646d55344f4f"
latest-published-id = "0x2f650fe35db10de8cea3097e256032c0084a3910115ebf4980da646d55344f4f"
published-version = "1"
